
Microsoft Visual Studio Solution File, Format Version 12.00
# Visual Studio Version 17
VisualStudioVersion = 17.9.34902.65
MinimumVisualStudioVersion = 10.0.40219.1
Project("{9A19103F-16F7-4668-BE54-9A1E7A4F7556}") = "Savikontrolei", "DevintaPaskaita\Savikontrolei.csproj", "{58BE5B39-72C0-4282-A5A4-6E6C991CD71A}"
EndProject
Project("{9A19103F-16F7-4668-BE54-9A1E7A4F7556}") = "02DevintaPaskaita", "02DevintaPaskaita\02DevintaPaskaita.csproj", "{C8DC2FFF-7131-4E71-9310-E7CF27618495}"
EndProject
Project("{FAE04EC0-301F-11D3-BF4B-00C04F79EFBC}") = "03DevintaPaskaita", "03DevintaPaskaita\03DevintaPaskaita.csproj", "{2DCEF1D8-7754-4B06-80B2-064BAFF9B4A3}"
EndProject
Global
	GlobalSection(SolutionConfigurationPlatforms) = preSolution
		Debug|Any CPU = Debug|Any CPU
		Release|Any CPU = Release|Any CPU
	EndGlobalSection
	GlobalSection(ProjectConfigurationPlatforms) = postSolution
		{58BE5B39-72C0-4282-A5A4-6E6C991CD71A}.Debug|Any CPU.ActiveCfg = Debug|Any CPU
		{58BE5B39-72C0-4282-A5A4-6E6C991CD71A}.Debug|Any CPU.Build.0 = Debug|Any CPU
		{58BE5B39-72C0-4282-A5A4-6E6C991CD71A}.Release|Any CPU.ActiveCfg = Release|Any CPU
		{58BE5B39-72C0-4282-A5A4-6E6C991CD71A}.Release|Any CPU.Build.0 = Release|Any CPU
		{C8DC2FFF-7131-4E71-9310-E7CF27618495}.Debug|Any CPU.ActiveCfg = Debug|Any CPU
		{C8DC2FFF-7131-4E71-9310-E7CF27618495}.Debug|Any CPU.Build.0 = Debug|Any CPU
		{C8DC2FFF-7131-4E71-9310-E7CF27618495}.Release|Any CPU.ActiveCfg = Release|Any CPU
		{C8DC2FFF-7131-4E71-9310-E7CF27618495}.Release|Any CPU.Build.0 = Release|Any CPU
		{2DCEF1D8-7754-4B06-80B2-064BAFF9B4A3}.Debug|Any CPU.ActiveCfg = Debug|Any CPU
		{2DCEF1D8-7754-4B06-80B2-064BAFF9B4A3}.Debug|Any CPU.Build.0 = Debug|Any CPU
		{2DCEF1D8-7754-4B06-80B2-064BAFF9B4A3}.Release|Any CPU.ActiveCfg = Release|Any CPU
		{2DCEF1D8-7754-4B06-80B2-064BAFF9B4A3}.Release|Any CPU.Build.0 = Release|Any CPU
	EndGlobalSection
	GlobalSection(SolutionProperties) = preSolution
		HideSolutionNode = FALSE
	EndGlobalSection
	GlobalSection(ExtensibilityGlobals) = postSolution
		SolutionGuid = {A8D5458B-4FF7-40D1-80CC-8B70C96E1789}
	EndGlobalSection
EndGlobal
